// !$*UTF8*$!
{
	archiveVersion = 1;
	classes = {
	};
	objectVersion = 46;
	objects = {

/* Begin PBXBuildFile section */
		DCAD69801BD01D2E00D5A7FB /* AppDelegate.swift in Sources */ = {isa = PBXBuildFile; fileRef = DCAD697F1BD01D2E00D5A7FB /* AppDelegate.swift */; };
		DCAD69821BD01D2E00D5A7FB /* ViewController.swift in Sources */ = {isa = PBXBuildFile; fileRef = DCAD69811BD01D2E00D5A7FB /* ViewController.swift */; };
		DCAD69851BD01D2E00D5A7FB /* Main.storyboard in Resources */ = {isa = PBXBuildFile; fileRef = DCAD69831BD01D2E00D5A7FB /* Main.storyboard */; };
		DCAD69871BD01D2E00D5A7FB /* Assets.xcassets in Resources */ = {isa = PBXBuildFile; fileRef = DCAD69861BD01D2E00D5A7FB /* Assets.xcassets */; };
		DCAD698A1BD01D2E00D5A7FB /* LaunchScreen.storyboard in Resources */ = {isa = PBXBuildFile; fileRef = DCAD69881BD01D2E00D5A7FB /* LaunchScreen.storyboard */; };
		DCAD69951BD01D2E00D5A7FB /* WKSegueCollectionTests.swift in Sources */ = {isa = PBXBuildFile; fileRef = DCAD69941BD01D2E00D5A7FB /* WKSegueCollectionTests.swift */; };
		DCAD69A51BD01D4D00D5A7FB /* Interface.storyboard in Resources */ = {isa = PBXBuildFile; fileRef = DCAD69A31BD01D4D00D5A7FB /* Interface.storyboard */; };
		DCAD69A71BD01D4D00D5A7FB /* Assets.xcassets in Resources */ = {isa = PBXBuildFile; fileRef = DCAD69A61BD01D4D00D5A7FB /* Assets.xcassets */; };
		DCAD69AE1BD01D4D00D5A7FB /* WKSegueCollectionWatch Extension.appex in Embed App Extensions */ = {isa = PBXBuildFile; fileRef = DCAD69AD1BD01D4D00D5A7FB /* WKSegueCollectionWatch Extension.appex */; settings = {ATTRIBUTES = (RemoveHeadersOnCopy, ); }; };
		DCAD69B51BD01D4D00D5A7FB /* InterfaceController.swift in Sources */ = {isa = PBXBuildFile; fileRef = DCAD69B41BD01D4D00D5A7FB /* InterfaceController.swift */; };
		DCAD69B71BD01D4D00D5A7FB /* ExtensionDelegate.swift in Sources */ = {isa = PBXBuildFile; fileRef = DCAD69B61BD01D4D00D5A7FB /* ExtensionDelegate.swift */; };
		DCAD69B91BD01D4D00D5A7FB /* NotificationController.swift in Sources */ = {isa = PBXBuildFile; fileRef = DCAD69B81BD01D4D00D5A7FB /* NotificationController.swift */; };
		DCAD69BB1BD01D4D00D5A7FB /* Assets.xcassets in Resources */ = {isa = PBXBuildFile; fileRef = DCAD69BA1BD01D4D00D5A7FB /* Assets.xcassets */; };
		DCAD69BF1BD01D4D00D5A7FB /* WKSegueCollectionWatch.app in Embed Watch Content */ = {isa = PBXBuildFile; fileRef = DCAD69A11BD01D4D00D5A7FB /* WKSegueCollectionWatch.app */; };
		DCAD69C91BD01F1E00D5A7FB /* PageController.swift in Sources */ = {isa = PBXBuildFile; fileRef = DCAD69C81BD01F1E00D5A7FB /* PageController.swift */; settings = {ASSET_TAGS = (); }; };
/* End PBXBuildFile section */

/* Begin PBXContainerItemProxy section */
		DCAD69911BD01D2E00D5A7FB /* PBXContainerItemProxy */ = {
			isa = PBXContainerItemProxy;
			containerPortal = DCAD69741BD01D2D00D5A7FB /* Project object */;
			proxyType = 1;
			remoteGlobalIDString = DCAD697B1BD01D2E00D5A7FB;
			remoteInfo = WKSegueCollection;
		};
		DCAD69AF1BD01D4D00D5A7FB /* PBXContainerItemProxy */ = {
			isa = PBXContainerItemProxy;
			containerPortal = DCAD69741BD01D2D00D5A7FB /* Project object */;
			proxyType = 1;
			remoteGlobalIDString = DCAD69AC1BD01D4D00D5A7FB;
			remoteInfo = "WKSegueCollectionWatch Extension";
		};
		DCAD69BD1BD01D4D00D5A7FB /* PBXContainerItemProxy */ = {
			isa = PBXContainerItemProxy;
			containerPortal = DCAD69741BD01D2D00D5A7FB /* Project object */;
			proxyType = 1;
			remoteGlobalIDString = DCAD69A01BD01D4D00D5A7FB;
			remoteInfo = WKSegueCollectionWatch;
		};
/* End PBXContainerItemProxy section */

/* Begin PBXCopyFilesBuildPhase section */
		DCAD69C31BD01D4D00D5A7FB /* Embed App Extensions */ = {
			isa = PBXCopyFilesBuildPhase;
			buildActionMask = 2147483647;
			dstPath = "";
			dstSubfolderSpec = 13;
			files = (
				DCAD69AE1BD01D4D00D5A7FB /* WKSegueCollectionWatch Extension.appex in Embed App Extensions */,
			);
			name = "Embed App Extensions";
			runOnlyForDeploymentPostprocessing = 0;
		};
		DCAD69C71BD01D4D00D5A7FB /* Embed Watch Content */ = {
			isa = PBXCopyFilesBuildPhase;
			buildActionMask = 2147483647;
			dstPath = "$(CONTENTS_FOLDER_PATH)/Watch";
			dstSubfolderSpec = 16;
			files = (
				DCAD69BF1BD01D4D00D5A7FB /* WKSegueCollectionWatch.app in Embed Watch Content */,
			);
			name = "Embed Watch Content";
			runOnlyForDeploymentPostprocessing = 0;
		};
/* End PBXCopyFilesBuildPhase section */

/* Begin PBXFileReference section */
		DCAD697C1BD01D2E00D5A7FB /* WKSegueCollection.app */ = {isa = PBXFileReference; explicitFileType = wrapper.application; includeInIndex = 0; path = WKSegueCollection.app; sourceTree = BUILT_PRODUCTS_DIR; };
		DCAD697F1BD01D2E00D5A7FB /* AppDelegate.swift */ = {isa = PBXFileReference; lastKnownFileType = sourcecode.swift; path = AppDelegate.swift; sourceTree = "<group>"; };
		DCAD69811BD01D2E00D5A7FB /* ViewController.swift */ = {isa = PBXFileReference; lastKnownFileType = sourcecode.swift; path = ViewController.swift; sourceTree = "<group>"; };
		DCAD69841BD01D2E00D5A7FB /* Base */ = {isa = PBXFileReference; lastKnownFileType = file.storyboard; name = Base; path = Base.lproj/Main.storyboard; sourceTree = "<group>"; };
		DCAD69861BD01D2E00D5A7FB /* Assets.xcassets */ = {isa = PBXFileReference; lastKnownFileType = folder.assetcatalog; path = Assets.xcassets; sourceTree = "<group>"; };
		DCAD69891BD01D2E00D5A7FB /* Base */ = {isa = PBXFileReference; lastKnownFileType = file.storyboard; name = Base; path = Base.lproj/LaunchScreen.storyboard; sourceTree = "<group>"; };
		DCAD698B1BD01D2E00D5A7FB /* Info.plist */ = {isa = PBXFileReference; lastKnownFileType = text.plist.xml; path = Info.plist; sourceTree = "<group>"; };
		DCAD69901BD01D2E00D5A7FB /* WKSegueCollectionTests.xctest */ = {isa = PBXFileReference; explicitFileType = wrapper.cfbundle; includeInIndex = 0; path = WKSegueCollectionTests.xctest; sourceTree = BUILT_PRODUCTS_DIR; };
		DCAD69941BD01D2E00D5A7FB /* WKSegueCollectionTests.swift */ = {isa = PBXFileReference; lastKnownFileType = sourcecode.swift; path = WKSegueCollectionTests.swift; sourceTree = "<group>"; };
		DCAD69961BD01D2E00D5A7FB /* Info.plist */ = {isa = PBXFileReference; lastKnownFileType = text.plist.xml; path = Info.plist; sourceTree = "<group>"; };
		DCAD69A11BD01D4D00D5A7FB /* WKSegueCollectionWatch.app */ = {isa = PBXFileReference; explicitFileType = wrapper.application; includeInIndex = 0; path = WKSegueCollectionWatch.app; sourceTree = BUILT_PRODUCTS_DIR; };
		DCAD69A41BD01D4D00D5A7FB /* Base */ = {isa = PBXFileReference; lastKnownFileType = file.storyboard; name = Base; path = Base.lproj/Interface.storyboard; sourceTree = "<group>"; };
		DCAD69A61BD01D4D00D5A7FB /* Assets.xcassets */ = {isa = PBXFileReference; lastKnownFileType = folder.assetcatalog; path = Assets.xcassets; sourceTree = "<group>"; };
		DCAD69A81BD01D4D00D5A7FB /* Info.plist */ = {isa = PBXFileReference; lastKnownFileType = text.plist.xml; path = Info.plist; sourceTree = "<group>"; };
		DCAD69AD1BD01D4D00D5A7FB /* WKSegueCollectionWatch Extension.appex */ = {isa = PBXFileReference; explicitFileType = "wrapper.app-extension"; includeInIndex = 0; path = "WKSegueCollectionWatch Extension.appex"; sourceTree = BUILT_PRODUCTS_DIR; };
		DCAD69B31BD01D4D00D5A7FB /* PushNotificationPayload.apns */ = {isa = PBXFileReference; lastKnownFileType = text; path = PushNotificationPayload.apns; sourceTree = "<group>"; };
		DCAD69B41BD01D4D00D5A7FB /* InterfaceController.swift */ = {isa = PBXFileReference; lastKnownFileType = sourcecode.swift; path = InterfaceController.swift; sourceTree = "<group>"; };
		DCAD69B61BD01D4D00D5A7FB /* ExtensionDelegate.swift */ = {isa = PBXFileReference; lastKnownFileType = sourcecode.swift; path = ExtensionDelegate.swift; sourceTree = "<group>"; };
		DCAD69B81BD01D4D00D5A7FB /* NotificationController.swift */ = {isa = PBXFileReference; lastKnownFileType = sourcecode.swift; path = NotificationController.swift; sourceTree = "<group>"; };
		DCAD69BA1BD01D4D00D5A7FB /* Assets.xcassets */ = {isa = PBXFileReference; lastKnownFileType = folder.assetcatalog; path = Assets.xcassets; sourceTree = "<group>"; };
		DCAD69BC1BD01D4D00D5A7FB /* Info.plist */ = {isa = PBXFileReference; lastKnownFileType = text.plist.xml; path = Info.plist; sourceTree = "<group>"; };
		DCAD69C81BD01F1E00D5A7FB /* PageController.swift */ = {isa = PBXFileReference; fileEncoding = 4; lastKnownFileType = sourcecode.swift; path = PageController.swift; sourceTree = "<group>"; };
/* End PBXFileReference section */

/* Begin PBXFrameworksBuildPhase section */
		DCAD69791BD01D2E00D5A7FB /* Frameworks */ = {
			isa = PBXFrameworksBuildPhase;
			buildActionMask = 2147483647;
			files = (
			);
			runOnlyForDeploymentPostprocessing = 0;
		};
		DCAD698D1BD01D2E00D5A7FB /* Frameworks */ = {
			isa = PBXFrameworksBuildPhase;
			buildActionMask = 2147483647;
			files = (
			);
			runOnlyForDeploymentPostprocessing = 0;
		};
		DCAD69AA1BD01D4D00D5A7FB /* Frameworks */ = {
			isa = PBXFrameworksBuildPhase;
			buildActionMask = 2147483647;
			files = (
			);
			runOnlyForDeploymentPostprocessing = 0;
		};
/* End PBXFrameworksBuildPhase section */

/* Begin PBXGroup section */
		DCAD69731BD01D2D00D5A7FB = {
			isa = PBXGroup;
			children = (
				DCAD697E1BD01D2E00D5A7FB /* WKSegueCollection */,
				DCAD69931BD01D2E00D5A7FB /* WKSegueCollectionTests */,
				DCAD69A21BD01D4D00D5A7FB /* WKSegueCollectionWatch */,
				DCAD69B11BD01D4D00D5A7FB /* WKSegueCollectionWatch Extension */,
				DCAD697D1BD01D2E00D5A7FB /* Products */,
			);
			sourceTree = "<group>";
		};
		DCAD697D1BD01D2E00D5A7FB /* Products */ = {
			isa = PBXGroup;
			children = (
				DCAD697C1BD01D2E00D5A7FB /* WKSegueCollection.app */,
				DCAD69901BD01D2E00D5A7FB /* WKSegueCollectionTests.xctest */,
				DCAD69A11BD01D4D00D5A7FB /* WKSegueCollectionWatch.app */,
				DCAD69AD1BD01D4D00D5A7FB /* WKSegueCollectionWatch Extension.appex */,
			);
			name = Products;
			sourceTree = "<group>";
		};
		DCAD697E1BD01D2E00D5A7FB /* WKSegueCollection */ = {
			isa = PBXGroup;
			children = (
				DCAD697F1BD01D2E00D5A7FB /* AppDelegate.swift */,
				DCAD69811BD01D2E00D5A7FB /* ViewController.swift */,
				DCAD69831BD01D2E00D5A7FB /* Main.storyboard */,
				DCAD69861BD01D2E00D5A7FB /* Assets.xcassets */,
				DCAD69881BD01D2E00D5A7FB /* LaunchScreen.storyboard */,
				DCAD698B1BD01D2E00D5A7FB /* Info.plist */,
			);
			path = WKSegueCollection;
			sourceTree = "<group>";
		};
		DCAD69931BD01D2E00D5A7FB /* WKSegueCollectionTests */ = {
			isa = PBXGroup;
			children = (
				DCAD69941BD01D2E00D5A7FB /* WKSegueCollectionTests.swift */,
				DCAD69961BD01D2E00D5A7FB /* Info.plist */,
			);
			path = WKSegueCollectionTests;
			sourceTree = "<group>";
		};
		DCAD69A21BD01D4D00D5A7FB /* WKSegueCollectionWatch */ = {
			isa = PBXGroup;
			children = (
				DCAD69A31BD01D4D00D5A7FB /* Interface.storyboard */,
				DCAD69A61BD01D4D00D5A7FB /* Assets.xcassets */,
				DCAD69A81BD01D4D00D5A7FB /* Info.plist */,
			);
			path = WKSegueCollectionWatch;
			sourceTree = "<group>";
		};
		DCAD69B11BD01D4D00D5A7FB /* WKSegueCollectionWatch Extension */ = {
			isa = PBXGroup;
			children = (
				DCAD69B41BD01D4D00D5A7FB /* InterfaceController.swift */,
				DCAD69C81BD01F1E00D5A7FB /* PageController.swift */,
				DCAD69B61BD01D4D00D5A7FB /* ExtensionDelegate.swift */,
				DCAD69B81BD01D4D00D5A7FB /* NotificationController.swift */,
				DCAD69BA1BD01D4D00D5A7FB /* Assets.xcassets */,
				DCAD69BC1BD01D4D00D5A7FB /* Info.plist */,
				DCAD69B21BD01D4D00D5A7FB /* Supporting Files */,
			);
			path = "WKSegueCollectionWatch Extension";
			sourceTree = "<group>";
		};
		DCAD69B21BD01D4D00D5A7FB /* Supporting Files */ = {
			isa = PBXGroup;
			children = (
				DCAD69B31BD01D4D00D5A7FB /* PushNotificationPayload.apns */,
			);
			name = "Supporting Files";
			sourceTree = "<group>";
		};
/* End PBXGroup section */

/* Begin PBXNativeTarget section */
		DCAD697B1BD01D2E00D5A7FB /* WKSegueCollection */ = {
			isa = PBXNativeTarget;
			buildConfigurationList = DCAD69991BD01D2E00D5A7FB /* Build configuration list for PBXNativeTarget "WKSegueCollection" */;
			buildPhases = (
				DCAD69781BD01D2E00D5A7FB /* Sources */,
				DCAD69791BD01D2E00D5A7FB /* Frameworks */,
				DCAD697A1BD01D2E00D5A7FB /* Resources */,
				DCAD69C71BD01D4D00D5A7FB /* Embed Watch Content */,
			);
			buildRules = (
			);
			dependencies = (
				DCAD69BE1BD01D4D00D5A7FB /* PBXTargetDependency */,
			);
			name = WKSegueCollection;
			productName = WKSegueCollection;
			productReference = DCAD697C1BD01D2E00D5A7FB /* WKSegueCollection.app */;
			productType = "com.apple.product-type.application";
		};
		DCAD698F1BD01D2E00D5A7FB /* WKSegueCollectionTests */ = {
			isa = PBXNativeTarget;
			buildConfigurationList = DCAD699C1BD01D2E00D5A7FB /* Build configuration list for PBXNativeTarget "WKSegueCollectionTests" */;
			buildPhases = (
				DCAD698C1BD01D2E00D5A7FB /* Sources */,
				DCAD698D1BD01D2E00D5A7FB /* Frameworks */,
				DCAD698E1BD01D2E00D5A7FB /* Resources */,
			);
			buildRules = (
			);
			dependencies = (
				DCAD69921BD01D2E00D5A7FB /* PBXTargetDependency */,
			);
			name = WKSegueCollectionTests;
			productName = WKSegueCollectionTests;
			productReference = DCAD69901BD01D2E00D5A7FB /* WKSegueCollectionTests.xctest */;
			productType = "com.apple.product-type.bundle.unit-test";
		};
		DCAD69A01BD01D4D00D5A7FB /* WKSegueCollectionWatch */ = {
			isa = PBXNativeTarget;
			buildConfigurationList = DCAD69C41BD01D4D00D5A7FB /* Build configuration list for PBXNativeTarget "WKSegueCollectionWatch" */;
			buildPhases = (
				DCAD699F1BD01D4D00D5A7FB /* Resources */,
				DCAD69C31BD01D4D00D5A7FB /* Embed App Extensions */,
			);
			buildRules = (
			);
			dependencies = (
				DCAD69B01BD01D4D00D5A7FB /* PBXTargetDependency */,
			);
			name = WKSegueCollectionWatch;
			productName = WKSegueCollectionWatch;
			productReference = DCAD69A11BD01D4D00D5A7FB /* WKSegueCollectionWatch.app */;
			productType = "com.apple.product-type.application.watchapp2";
		};
		DCAD69AC1BD01D4D00D5A7FB /* WKSegueCollectionWatch Extension */ = {
			isa = PBXNativeTarget;
			buildConfigurationList = DCAD69C01BD01D4D00D5A7FB /* Build configuration list for PBXNativeTarget "WKSegueCollectionWatch Extension" */;
			buildPhases = (
				DCAD69A91BD01D4D00D5A7FB /* Sources */,
				DCAD69AA1BD01D4D00D5A7FB /* Frameworks */,
				DCAD69AB1BD01D4D00D5A7FB /* Resources */,
			);
			buildRules = (
			);
			dependencies = (
			);
			name = "WKSegueCollectionWatch Extension";
			productName = "WKSegueCollectionWatch Extension";
			productReference = DCAD69AD1BD01D4D00D5A7FB /* WKSegueCollectionWatch Extension.appex */;
			productType = "com.apple.product-type.watchkit2-extension";
		};
/* End PBXNativeTarget section */

/* Begin PBXProject section */
		DCAD69741BD01D2D00D5A7FB /* Project object */ = {
			isa = PBXProject;
			attributes = {
				LastUpgradeCheck = 0700;
				ORGANIZATIONNAME = lumiator.technology.com;
				TargetAttributes = {
					DCAD697B1BD01D2E00D5A7FB = {
						CreatedOnToolsVersion = 7.0.1;
						DevelopmentTeam = W2L76H8G3Y;
					};
					DCAD698F1BD01D2E00D5A7FB = {
						CreatedOnToolsVersion = 7.0.1;
						TestTargetID = DCAD697B1BD01D2E00D5A7FB;
					};
					DCAD69A01BD01D4D00D5A7FB = {
						CreatedOnToolsVersion = 7.0.1;
						DevelopmentTeam = W2L76H8G3Y;
					};
					DCAD69AC1BD01D4D00D5A7FB = {
						CreatedOnToolsVersion = 7.0.1;
						DevelopmentTeam = W2L76H8G3Y;
					};
				};
			};
			buildConfigurationList = DCAD69771BD01D2D00D5A7FB /* Build configuration list for PBXProject "WKSegueCollection" */;
			compatibilityVersion = "Xcode 3.2";
			developmentRegion = English;
			hasScannedForEncodings = 0;
			knownRegions = (
				en,
				Base,
			);
			mainGroup = DCAD69731BD01D2D00D5A7FB;
			productRefGroup = DCAD697D1BD01D2E00D5A7FB /* Products */;
			projectDirPath = "";
			projectRoot = "";
			targets = (
				DCAD697B1BD01D2E00D5A7FB /* WKSegueCollection */,
				DCAD698F1BD01D2E00D5A7FB /* WKSegueCollectionTests */,
				DCAD69A01BD01D4D00D5A7FB /* WKSegueCollectionWatch */,
				DCAD69AC1BD01D4D00D5A7FB /* WKSegueCollectionWatch Extension */,
			);
		};
/* End PBXProject section */

/* Begin PBXResourcesBuildPhase section */
		DCAD697A1BD01D2E00D5A7FB /* Resources */ = {
			isa = PBXResourcesBuildPhase;
			buildActionMask = 2147483647;
			files = (
				DCAD698A1BD01D2E00D5A7FB /* LaunchScreen.storyboard in Resources */,
				DCAD69871BD01D2E00D5A7FB /* Assets.xcassets in Resources */,
				DCAD69851BD01D2E00D5A7FB /* Main.storyboard in Resources */,
			);
			runOnlyForDeploymentPostprocessing = 0;
		};
		DCAD698E1BD01D2E00D5A7FB /* Resources */ = {
			isa = PBXResourcesBuildPhase;
			buildActionMask = 2147483647;
			files = (
			);
			runOnlyForDeploymentPostprocessing = 0;
		};
		DCAD699F1BD01D4D00D5A7FB /* Resources */ = {
			isa = PBXResourcesBuildPhase;
			buildActionMask = 2147483647;
			files = (
				DCAD69A71BD01D4D00D5A7FB /* Assets.xcassets in Resources */,
				DCAD69A51BD01D4D00D5A7FB /* Interface.storyboard in Resources */,
			);
			runOnlyForDeploymentPostprocessing = 0;
		};
		DCAD69AB1BD01D4D00D5A7FB /* Resources */ = {
			isa = PBXResourcesBuildPhase;
			buildActionMask = 2147483647;
			files = (
				DCAD69BB1BD01D4D00D5A7FB /* Assets.xcassets in Resources */,
			);
			runOnlyForDeploymentPostprocessing = 0;
		};
/* End PBXResourcesBuildPhase section */

/* Begin PBXSourcesBuildPhase section */
		DCAD69781BD01D2E00D5A7FB /* Sources */ = {
			isa = PBXSourcesBuildPhase;
			buildActionMask = 2147483647;
			files = (
				DCAD69821BD01D2E00D5A7FB /* ViewController.swift in Sources */,
				DCAD69801BD01D2E00D5A7FB /* AppDelegate.swift in Sources */,
			);
			runOnlyForDeploymentPostprocessing = 0;
		};
		DCAD698C1BD01D2E00D5A7FB /* Sources */ = {
			isa = PBXSourcesBuildPhase;
			buildActionMask = 2147483647;
			files = (
				DCAD69951BD01D2E00D5A7FB /* WKSegueCollectionTests.swift in Sources */,
			);
			runOnlyForDeploymentPostprocessing = 0;
		};
		DCAD69A91BD01D4D00D5A7FB /* Sources */ = {
			isa = PBXSourcesBuildPhase;
			buildActionMask = 2147483647;
			files = (
				DCAD69C91BD01F1E00D5A7FB /* PageController.swift in Sources */,
				DCAD69B91BD01D4D00D5A7FB /* NotificationController.swift in Sources */,
				DCAD69B71BD01D4D00D5A7FB /* ExtensionDelegate.swift in Sources */,
				DCAD69B51BD01D4D00D5A7FB /* InterfaceController.swift in Sources */,
			);
			runOnlyForDeploymentPostprocessing = 0;
		};
/* End PBXSourcesBuildPhase section */

/* Begin PBXTargetDependency section */
		DCAD69921BD01D2E00D5A7FB /* PBXTargetDependency */ = {
			isa = PBXTargetDependency;
			target = DCAD697B1BD01D2E00D5A7FB /* WKSegueCollection */;
			targetProxy = DCAD69911BD01D2E00D5A7FB /* PBXContainerItemProxy */;
		};
		DCAD69B01BD01D4D00D5A7FB /* PBXTargetDependency */ = {
			isa = PBXTargetDependency;
			target = DCAD69AC1BD01D4D00D5A7FB /* WKSegueCollectionWatch Extension */;
			targetProxy = DCAD69AF1BD01D4D00D5A7FB /* PBXContainerItemProxy */;
		};
		DCAD69BE1BD01D4D00D5A7FB /* PBXTargetDependency */ = {
			isa = PBXTargetDependency;
			target = DCAD69A01BD01D4D00D5A7FB /* WKSegueCollectionWatch */;
			targetProxy = DCAD69BD1BD01D4D00D5A7FB /* PBXContainerItemProxy */;
		};
/* End PBXTargetDependency section */

/* Begin PBXVariantGroup section */
		DCAD69831BD01D2E00D5A7FB /* Main.storyboard */ = {
			isa = PBXVariantGroup;
			children = (
				DCAD69841BD01D2E00D5A7FB /* Base */,
			);
			name = Main.storyboard;
			sourceTree = "<group>";
		};
		DCAD69881BD01D2E00D5A7FB /* LaunchScreen.storyboard */ = {
			isa = PBXVariantGroup;
			children = (
				DCAD69891BD01D2E00D5A7FB /* Base */,
			);
			name = LaunchScreen.storyboard;
			sourceTree = "<group>";
		};
		DCAD69A31BD01D4D00D5A7FB /* Interface.storyboard */ = {
			isa = PBXVariantGroup;
			children = (
				DCAD69A41BD01D4D00D5A7FB /* Base */,
			);
			name = Interface.storyboard;
			sourceTree = "<group>";
		};
/* End PBXVariantGroup section */

/* Begin XCBuildConfiguration section */
		DCAD69971BD01D2E00D5A7FB /* Debug */ = {
			isa = XCBuildConfiguration;
			buildSettings = {
				ALWAYS_SEARCH_USER_PATHS = NO;
				CLANG_CXX_LANGUAGE_STANDARD = "gnu++0x";
				CLANG_CXX_LIBRARY = "libc++";
				CLANG_ENABLE_MODULES = YES;
				CLANG_ENABLE_OBJC_ARC = YES;
				CLANG_WARN_BOOL_CONVERSION = YES;
				CLANG_WARN_CONSTANT_CONVERSION = YES;
				CLANG_WARN_DIRECT_OBJC_ISA_USAGE = YES_ERROR;
				CLANG_WARN_EMPTY_BODY = YES;
				CLANG_WARN_ENUM_CONVERSION = YES;
				CLANG_WARN_INT_CONVERSION = YES;
				CLANG_WARN_OBJC_ROOT_CLASS = YES_ERROR;
				CLANG_WARN_UNREACHABLE_CODE = YES;
				CLANG_WARN__DUPLICATE_METHOD_MATCH = YES;
				"CODE_SIGN_IDENTITY[sdk=iphoneos*]" = "iPhone Developer";
				COPY_PHASE_STRIP = NO;
				DEBUG_INFORMATION_FORMAT = dwarf;
				ENABLE_STRICT_OBJC_MSGSEND = YES;
				ENABLE_TESTABILITY = YES;
				GCC_C_LANGUAGE_STANDARD = gnu99;
				GCC_DYNAMIC_NO_PIC = NO;
				GCC_NO_COMMON_BLOCKS = YES;
				GCC_OPTIMIZATION_LEVEL = 0;
				GCC_PREPROCESSOR_DEFINITIONS = (
					"DEBUG=1",
					"$(inherited)",
				);
				GCC_WARN_64_TO_32_BIT_CONVERSION = YES;
				GCC_WARN_ABOUT_RETURN_TYPE = YES_ERROR;
				GCC_WARN_UNDECLARED_SELECTOR = YES;
				GCC_WARN_UNINITIALIZED_AUTOS = YES_AGGRESSIVE;
				GCC_WARN_UNUSED_FUNCTION = YES;
				GCC_WARN_UNUSED_VARIABLE = YES;
				IPHONEOS_DEPLOYMENT_TARGET = 9.0;
				MTL_ENABLE_DEBUG_INFO = YES;
				ONLY_ACTIVE_ARCH = YES;
				SDKROOT = iphoneos;
				SWIFT_OPTIMIZATION_LEVEL = "-Onone";
			};
			name = Debug;
		};
		DCAD69981BD01D2E00D5A7FB /* Release */ = {
			isa = XCBuildConfiguration;
			buildSettings = {
				ALWAYS_SEARCH_USER_PATHS = NO;
				CLANG_CXX_LANGUAGE_STANDARD = "gnu++0x";
				CLANG_CXX_LIBRARY = "libc++";
				CLANG_ENABLE_MODULES = YES;
				CLANG_ENABLE_OBJC_ARC = YES;
				CLANG_WARN_BOOL_CONVERSION = YES;
				CLANG_WARN_CONSTANT_CONVERSION = YES;
				CLANG_WARN_DIRECT_OBJC_ISA_USAGE = YES_ERROR;
				CLANG_WARN_EMPTY_BODY = YES;
				CLANG_WARN_ENUM_CONVERSION = YES;
				CLANG_WARN_INT_CONVERSION = YES;
				CLANG_WARN_OBJC_ROOT_CLASS = YES_ERROR;
				CLANG_WARN_UNREACHABLE_CODE = YES;
				CLANG_WARN__DUPLICATE_METHOD_MATCH = YES;
				"CODE_SIGN_IDENTITY[sdk=iphoneos*]" = "iPhone Developer";
				COPY_PHASE_STRIP = NO;
				DEBUG_INFORMATION_FORMAT = "dwarf-with-dsym";
				ENABLE_NS_ASSERTIONS = NO;
				ENABLE_STRICT_OBJC_MSGSEND = YES;
				GCC_C_LANGUAGE_STANDARD = gnu99;
				GCC_NO_COMMON_BLOCKS = YES;
				GCC_WARN_64_TO_32_BIT_CONVERSION = YES;
				GCC_WARN_ABOUT_RETURN_TYPE = YES_ERROR;
				GCC_WARN_UNDECLARED_SELECTOR = YES;
				GCC_WARN_UNINITIALIZED_AUTOS = YES_AGGRESSIVE;
				GCC_WARN_UNUSED_FUNCTION = YES;
				GCC_WARN_UNUSED_VARIABLE = YES;
				IPHONEOS_DEPLOYMENT_TARGET = 9.0;
				MTL_ENABLE_DEBUG_INFO = NO;
				SDKROOT = iphoneos;
				VALIDATE_PRODUCT = YES;
			};
			name = Release;
		};
		DCAD699A1BD01D2E00D5A7FB /* Debug */ = {
			isa = XCBuildConfiguration;
			buildSettings = {
				ASSETCATALOG_COMPILER_APPICON_NAME = AppIcon;
				CODE_SIGN_IDENTITY = "iPhone Developer";
				INFOPLIST_FILE = WKSegueCollection/Info.plist;
				LD_RUNPATH_SEARCH_PATHS = "$(inherited) @executable_path/Frameworks";
				PRODUCT_BUNDLE_IDENTIFIER = com.technology.luminator.WKSegueCollection;
				PRODUCT_NAME = "$(TARGET_NAME)";
			};
			name = Debug;
		};
		DCAD699B1BD01D2E00D5A7FB /* Release */ = {
			isa = XCBuildConfiguration;
			buildSettings = {
				ASSETCATALOG_COMPILER_APPICON_NAME = AppIcon;
				CODE_SIGN_IDENTITY = "iPhone Developer";
				INFOPLIST_FILE = WKSegueCollection/Info.plist;
				LD_RUNPATH_SEARCH_PATHS = "$(inherited) @executable_path/Frameworks";
				PRODUCT_BUNDLE_IDENTIFIER = com.technology.luminator.WKSegueCollection;
				PRODUCT_NAME = "$(TARGET_NAME)";
			};
			name = Release;
		};
		DCAD699D1BD01D2E00D5A7FB /* Debug */ = {
			isa = XCBuildConfiguration;
			buildSettings = {
				BUNDLE_LOADER = "$(TEST_HOST)";
				INFOPLIST_FILE = WKSegueCollectionTests/Info.plist;
				LD_RUNPATH_SEARCH_PATHS = "$(inherited) @executable_path/Frameworks @loader_path/Frameworks";
				PRODUCT_BUNDLE_IDENTIFIER = com.technology.luminator.WKSegueCollectionTests;
				PRODUCT_NAME = "$(TARGET_NAME)";
				TEST_HOST = "$(BUILT_PRODUCTS_DIR)/WKSegueCollection.app/WKSegueCollection";
			};
			name = Debug;
		};
		DCAD699E1BD01D2E00D5A7FB /* Release */ = {
			isa = XCBuildConfiguration;
			buildSettings = {
				BUNDLE_LOADER = "$(TEST_HOST)";
				INFOPLIST_FILE = WKSegueCollectionTests/Info.plist;
				LD_RUNPATH_SEARCH_PATHS = "$(inherited) @executable_path/Frameworks @loader_path/Frameworks";
				PRODUCT_BUNDLE_IDENTIFIER = com.technology.luminator.WKSegueCollectionTests;
				PRODUCT_NAME = "$(TARGET_NAME)";
				TEST_HOST = "$(BUILT_PRODUCTS_DIR)/WKSegueCollection.app/WKSegueCollection";
			};
			name = Release;
		};
		DCAD69C11BD01D4D00D5A7FB /* Debug */ = {
			isa = XCBuildConfiguration;
			buildSettings = {
				CODE_SIGN_IDENTITY = "iPhone Developer";
				INFOPLIST_FILE = "WKSegueCollectionWatch Extension/Info.plist";
				LD_RUNPATH_SEARCH_PATHS = "$(inherited) @executable_path/Frameworks @executable_path/../../Frameworks";
				PRODUCT_BUNDLE_IDENTIFIER = com.technology.luminator.WKSegueCollection.watchkitapp.watchkitextension;
				PRODUCT_NAME = "${TARGET_NAME}";
				SDKROOT = watchos;
				SKIP_INSTALL = YES;
				TARGETED_DEVICE_FAMILY = 4;
				WATCHOS_DEPLOYMENT_TARGET = 2.0;
			};
			name = Debug;
		};
		DCAD69C21BD01D4D00D5A7FB /* Release */ = {
			isa = XCBuildConfiguration;
			buildSettings = {
				CODE_SIGN_IDENTITY = "iPhone Developer";
				INFOPLIST_FILE = "WKSegueCollectionWatch Extension/Info.plist";
				LD_RUNPATH_SEARCH_PATHS = "$(inherited) @executable_path/Frameworks @executable_path/../../Frameworks";
				PRODUCT_BUNDLE_IDENTIFIER = com.technology.luminator.WKSegueCollection.watchkitapp.watchkitextension;
				PRODUCT_NAME = "${TARGET_NAME}";
				SDKROOT = watchos;
				SKIP_INSTALL = YES;
				TARGETED_DEVICE_FAMILY = 4;
				WATCHOS_DEPLOYMENT_TARGET = 2.0;
			};
			name = Release;
		};
		DCAD69C51BD01D4D00D5A7FB /* Debug */ = {
			isa = XCBuildConfiguration;
			buildSettings = {
				ASSETCATALOG_COMPILER_APPICON_NAME = AppIcon;
				CODE_SIGN_IDENTITY = "iPhone Developer";
				EMBEDDED_CONTENT_CONTAINS_SWIFT = YES;
				IBSC_MODULE = WKSegueCollectionWatch_Extension;
				INFOPLIST_FILE = WKSegueCollectionWatch/Info.plist;
				PRODUCT_BUNDLE_IDENTIFIER = com.technology.luminator.WKSegueCollection.watchkitapp;
				PRODUCT_NAME = "$(TARGET_NAME)";
				SDKROOT = watchos;
				SKIP_INSTALL = YES;
				TARGETED_DEVICE_FAMILY = 4;
				WATCHOS_DEPLOYMENT_TARGET = 2.0;
			};
			name = Debug;
		};
		DCAD69C61BD01D4D00D5A7FB /* Release */ = {
			isa = XCBuildConfiguration;
			buildSettings = {
				ASSETCATALOG_COMPILER_APPICON_NAME = AppIcon;
				CODE_SIGN_IDENTITY = "iPhone Developer";
				EMBEDDED_CONTENT_CONTAINS_SWIFT = YES;
				IBSC_MODULE = WKSegueCollectionWatch_Extension;
				INFOPLIST_FILE = WKSegueCollectionWatch/Info.plist;
				PRODUCT_BUNDLE_IDENTIFIER = com.technology.luminator.WKSegueCollection.watchkitapp;
				PRODUCT_NAME = "$(TARGET_NAME)";
				SDKROOT = watchos;
				SKIP_INSTALL = YES;
				TARGETED_DEVICE_FAMILY = 4;
				WATCHOS_DEPLOYMENT_TARGET = 2.0;
			};
			name = Release;
		};
/* End XCBuildConfiguration section */

/* Begin XCConfigurationList section */
		DCAD69771BD01D2D00D5A7FB /* Build configuration list for PBXProject "WKSegueCollection" */ = {
			isa = XCConfigurationList;
			buildConfigurations = (
				DCAD69971BD01D2E00D5A7FB /* Debug */,
				DCAD69981BD01D2E00D5A7FB /* Release */,
			);
			defaultConfigurationIsVisible = 0;
			defaultConfigurationName = Release;
		};
		DCAD69991BD01D2E00D5A7FB /* Build configuration list for PBXNativeTarget "WKSegueCollection" */ = {
			isa = XCConfigurationList;
			buildConfigurations = (
				DCAD699A1BD01D2E00D5A7FB /* Debug */,
				DCAD699B1BD01D2E00D5A7FB /* Release */,
			);
			defaultConfigurationIsVisible = 0;
		};
		DCAD699C1BD01D2E00D5A7FB /* Build configuration list for PBXNativeTarget "WKSegueCollectionTests" */ = {
			isa = XCConfigurationList;
			buildConfigurations = (
				DCAD699D1BD01D2E00D5A7FB /* Debug */,
				DCAD699E1BD01D2E00D5A7FB /* Release */,
			);
			defaultConfigurationIsVisible = 0;
		};
		DCAD69C01BD01D4D00D5A7FB /* Build configuration list for PBXNativeTarget "WKSegueCollectionWatch Extension" */ = {
			isa = XCConfigurationList;
			buildConfigurations = (
				DCAD69C11BD01D4D00D5A7FB /* Debug */,
				DCAD69C21BD01D4D00D5A7FB /* Release */,
			);
			defaultConfigurationIsVisible = 0;
		};
		DCAD69C41BD01D4D00D5A7FB /* Build configuration list for PBXNativeTarget "WKSegueCollectionWatch" */ = {
			isa = XCConfigurationList;
			buildConfigurations = (
				DCAD69C51BD01D4D00D5A7FB /* Debug */,
				DCAD69C61BD01D4D00D5A7FB /* Release */,
			);
			defaultConfigurationIsVisible = 0;
		};
/* End XCConfigurationList section */
	};
	rootObject = DCAD69741BD01D2D00D5A7FB /* Project object */;
}
